
Microsoft Visual Studio Solution File, Format Version 12.00
# Visual Studio Version 16
VisualStudioVersion = 16.0.32228.343
MinimumVisualStudioVersion = 10.0.40219.1
Project("{FAE04EC0-301F-11D3-BF4B-00C04F79EFBC}") = "CodeWriter", "CodeWriter\CodeWriter.csproj", "{CD72B9E5-0047-41FF-8F5B-506E076A7A68}"
	ProjectSection(ProjectDependencies) = postProject
		{A474D976-8D6E-4A63-B8B9-FF377EF0A19D} = {A474D976-8D6E-4A63-B8B9-FF377EF0A19D}
	EndProjectSection
EndProject
Project("{FAE04EC0-301F-11D3-BF4B-00C04F79EFBC}") = "CodeWriter.SDK", "CodeWriter.SDK\CodeWriter.SDK.csproj", "{A474D976-8D6E-4A63-B8B9-FF377EF0A19D}"
EndProject
Global
	GlobalSection(SolutionConfigurationPlatforms) = preSolution
		Debug|Any CPU = Debug|Any CPU
		Release|Any CPU = Release|Any CPU
	EndGlobalSection
	GlobalSection(ProjectConfigurationPlatforms) = postSolution
		{CD72B9E5-0047-41FF-8F5B-506E076A7A68}.Debug|Any CPU.ActiveCfg = Debug|Any CPU
		{CD72B9E5-0047-41FF-8F5B-506E076A7A68}.Debug|Any CPU.Build.0 = Debug|Any CPU
		{CD72B9E5-0047-41FF-8F5B-506E076A7A68}.Release|Any CPU.ActiveCfg = Release|Any CPU
		{CD72B9E5-0047-41FF-8F5B-506E076A7A68}.Release|Any CPU.Build.0 = Release|Any CPU
		{A474D976-8D6E-4A63-B8B9-FF377EF0A19D}.Debug|Any CPU.ActiveCfg = Debug|Any CPU
		{A474D976-8D6E-4A63-B8B9-FF377EF0A19D}.Debug|Any CPU.Build.0 = Debug|Any CPU
		{A474D976-8D6E-4A63-B8B9-FF377EF0A19D}.Release|Any CPU.ActiveCfg = Release|Any CPU
		{A474D976-8D6E-4A63-B8B9-FF377EF0A19D}.Release|Any CPU.Build.0 = Release|Any CPU
	EndGlobalSection
	GlobalSection(SolutionProperties) = preSolution
		HideSolutionNode = FALSE
	EndGlobalSection
	GlobalSection(ExtensibilityGlobals) = postSolution
		SolutionGuid = {319A9474-A3FF-45CB-B62A-C20D6EC36E6B}
	EndGlobalSection
EndGlobal
