
Microsoft Visual Studio Solution File, Format Version 12.00
# Visual Studio Version 16
VisualStudioVersion = 16.0.32002.261
MinimumVisualStudioVersion = 10.0.40219.1
Project("{FAE04EC0-301F-11D3-BF4B-00C04F79EFBC}") = "Reader.SDK", "Reader.SDK\Reader.SDK.csproj", "{398F371C-7D89-41E1-A0A6-56C0E133BD85}"
EndProject
Project("{FAE04EC0-301F-11D3-BF4B-00C04F79EFBC}") = "Reader", "Reader\Reader.csproj", "{D8B1B2F7-114E-427C-8BFD-539B4C8C3671}"
	ProjectSection(ProjectDependencies) = postProject
		{398F371C-7D89-41E1-A0A6-56C0E133BD85} = {398F371C-7D89-41E1-A0A6-56C0E133BD85}
		{CD6232C4-B325-4F97-B121-FD9020620626} = {CD6232C4-B325-4F97-B121-FD9020620626}
	EndProjectSection
EndProject
Project("{FAE04EC0-301F-11D3-BF4B-00C04F79EFBC}") = "ExcelReader", "ExcelReader\ExcelReader.csproj", "{CD6232C4-B325-4F97-B121-FD9020620626}"
EndProject
Global
	GlobalSection(SolutionConfigurationPlatforms) = preSolution
		Debug|Any CPU = Debug|Any CPU
		Release|Any CPU = Release|Any CPU
	EndGlobalSection
	GlobalSection(ProjectConfigurationPlatforms) = postSolution
		{398F371C-7D89-41E1-A0A6-56C0E133BD85}.Debug|Any CPU.ActiveCfg = Debug|Any CPU
		{398F371C-7D89-41E1-A0A6-56C0E133BD85}.Debug|Any CPU.Build.0 = Debug|Any CPU
		{398F371C-7D89-41E1-A0A6-56C0E133BD85}.Release|Any CPU.ActiveCfg = Release|Any CPU
		{398F371C-7D89-41E1-A0A6-56C0E133BD85}.Release|Any CPU.Build.0 = Release|Any CPU
		{D8B1B2F7-114E-427C-8BFD-539B4C8C3671}.Debug|Any CPU.ActiveCfg = Debug|Any CPU
		{D8B1B2F7-114E-427C-8BFD-539B4C8C3671}.Debug|Any CPU.Build.0 = Debug|Any CPU
		{D8B1B2F7-114E-427C-8BFD-539B4C8C3671}.Release|Any CPU.ActiveCfg = Release|Any CPU
		{D8B1B2F7-114E-427C-8BFD-539B4C8C3671}.Release|Any CPU.Build.0 = Release|Any CPU
		{CD6232C4-B325-4F97-B121-FD9020620626}.Debug|Any CPU.ActiveCfg = Debug|Any CPU
		{CD6232C4-B325-4F97-B121-FD9020620626}.Debug|Any CPU.Build.0 = Debug|Any CPU
		{CD6232C4-B325-4F97-B121-FD9020620626}.Release|Any CPU.ActiveCfg = Release|Any CPU
		{CD6232C4-B325-4F97-B121-FD9020620626}.Release|Any CPU.Build.0 = Release|Any CPU
	EndGlobalSection
	GlobalSection(SolutionProperties) = preSolution
		HideSolutionNode = FALSE
	EndGlobalSection
	GlobalSection(ExtensibilityGlobals) = postSolution
		SolutionGuid = {FD5311AC-BF0B-4775-AD31-E3D94FB022AA}
	EndGlobalSection
EndGlobal
